
Microsoft Visual Studio Solution File, Format Version 12.00
# Visual Studio Version 17
VisualStudioVersion = 17.8.34330.188
MinimumVisualStudioVersion = 10.0.40219.1
Project("{FAE04EC0-301F-11D3-BF4B-00C04F79EFBC}") = "CarBooking API", "CarBooking API\CarBooking API.csproj", "{0964BF64-7C2C-4CEA-ADA5-B805913CE0F8}"
EndProject
Project("{FAE04EC0-301F-11D3-BF4B-00C04F79EFBC}") = "CarBooking Data", "CarBooking Data\CarBooking Data.csproj", "{BCB31240-958E-4F0F-BCC6-DC7B852D5AEA}"
EndProject
Project("{FAE04EC0-301F-11D3-BF4B-00C04F79EFBC}") = "CarBooking Template", "CarBooking Template\CarBooking Template.csproj", "{044BDDF5-34AA-4738-AD73-8AA291A90598}"
EndProject
Global
	GlobalSection(SolutionConfigurationPlatforms) = preSolution
		Debug|Any CPU = Debug|Any CPU
		Release|Any CPU = Release|Any CPU
	EndGlobalSection
	GlobalSection(ProjectConfigurationPlatforms) = postSolution
		{0964BF64-7C2C-4CEA-ADA5-B805913CE0F8}.Debug|Any CPU.ActiveCfg = Debug|Any CPU
		{0964BF64-7C2C-4CEA-ADA5-B805913CE0F8}.Debug|Any CPU.Build.0 = Debug|Any CPU
		{0964BF64-7C2C-4CEA-ADA5-B805913CE0F8}.Release|Any CPU.ActiveCfg = Release|Any CPU
		{0964BF64-7C2C-4CEA-ADA5-B805913CE0F8}.Release|Any CPU.Build.0 = Release|Any CPU
		{BCB31240-958E-4F0F-BCC6-DC7B852D5AEA}.Debug|Any CPU.ActiveCfg = Debug|Any CPU
		{BCB31240-958E-4F0F-BCC6-DC7B852D5AEA}.Debug|Any CPU.Build.0 = Debug|Any CPU
		{BCB31240-958E-4F0F-BCC6-DC7B852D5AEA}.Release|Any CPU.ActiveCfg = Release|Any CPU
		{BCB31240-958E-4F0F-BCC6-DC7B852D5AEA}.Release|Any CPU.Build.0 = Release|Any CPU
		{044BDDF5-34AA-4738-AD73-8AA291A90598}.Debug|Any CPU.ActiveCfg = Debug|Any CPU
		{044BDDF5-34AA-4738-AD73-8AA291A90598}.Debug|Any CPU.Build.0 = Debug|Any CPU
		{044BDDF5-34AA-4738-AD73-8AA291A90598}.Release|Any CPU.ActiveCfg = Release|Any CPU
		{044BDDF5-34AA-4738-AD73-8AA291A90598}.Release|Any CPU.Build.0 = Release|Any CPU
	EndGlobalSection
	GlobalSection(SolutionProperties) = preSolution
		HideSolutionNode = FALSE
	EndGlobalSection
	GlobalSection(ExtensibilityGlobals) = postSolution
		SolutionGuid = {36F159A1-3930-4B96-B20D-FC7E036828A9}
	EndGlobalSection
EndGlobal
